{
  "name": "destination-demo",
  "version": "1.0.0",
  "lockfileVersion": 1,
  "requires": true,
  "dependencies": {
    "@sap/cds": {
      "version": "6.4.0",
      "resolved": "https://registry.npmjs.org/@sap/cds/-/cds-6.4.0.tgz",
      "integrity": "sha512-Z19veNd0lf+W3Q97Xzxi7cJ50NsYx42wiiRs+44Xp7DArQuose4XkrN3iZ7DdX+FxcJSYojPnuDdN22QnZPZbA==",
      "requires": {
        "@sap/cds-compiler": "^3.2.0",
        "@sap/cds-foss": "^4"
      }
    },
    "@sap/cds-compiler": {
      "version": "3.5.2",
      "resolved": "https://registry.npmjs.org/@sap/cds-compiler/-/cds-compiler-3.5.2.tgz",
      "integrity": "sha512-LCVaEZwJATyIvHnGcaucPFP02WHCIbUXQokaSWNUWClxzWNnFkZSaUknfQYRGPuJ4kCdXKw5GBy11SPas4mKLQ==",
      "requires": {
        "antlr4": "4.9.3"
      }
    },
    "@sap/cds-foss": {
      "version": "4.0.0",
      "resolved": "https://registry.npmjs.org/@sap/cds-foss/-/cds-foss-4.0.0.tgz",
      "integrity": "sha512-66enuhyx+SdcIgdYstLGk31GFWDyK+Ch5+bWFRYJJ8340izZJlgyCYtHjZI1m9j4tNxWg9ZhkbFkXG5d80xWdw==",
      "requires": {
        "big.js": "^6.1.1",
        "generic-pool": "^3.8.2",
        "uuid": "^8.3.2",
        "xmlbuilder": "^15.1.1",
        "yaml": "^2.1.1"
      },
      "dependencies": {
        "uuid": {
          "version": "8.3.2",
          "resolved": "https://registry.npmjs.org/uuid/-/uuid-8.3.2.tgz",
          "integrity": "sha512-+NYs2QeMWy+GWFOEm9xnn6HCDp0l7QBD7ml8zLUmJ+93Q5NF0NocErnwkTkXVFNiX3/fpC6afS8Dhb/gz7R7eg=="
        }
      }
    },
    "@sap/xsenv": {
      "version": "2.2.0",
      "resolved": "https://npm.sap.com/@sap/xsenv/-/xsenv-2.2.0.tgz",
      "integrity": "sha512-NtxbAZ2I957OWRVdlT16C3qan1TZ9Cfs9ephEDH03gPwbTm8nRtd1uZ8tqOMj/p1CVt0IAoUnkt985btYhhzkg==",
      "requires": {
        "debug": "3.1.0",
        "verror": "1.10.0"
      },
      "dependencies": {
        "assert-plus": {
          "version": "1.0.0",
          "resolved": "https://registry.npmjs.org/assert-plus/-/assert-plus-1.0.0.tgz",
          "integrity": "sha1-8S4PPF13sLHN2RRpQuTpbB5N1SU="
        },
        "core-util-is": {
          "version": "1.0.2",
          "resolved": "https://registry.npmjs.org/core-util-is/-/core-util-is-1.0.2.tgz",
          "integrity": "sha1-tf1UIgqivFq1eqtxQMlAdUUDwac="
        },
        "debug": {
          "version": "3.1.0",
          "resolved": "https://registry.npmjs.org/debug/-/debug-3.1.0.tgz",
          "integrity": "sha512-OX8XqP7/1a9cqkxYw2yXss15f26NKWBpDXQd0/uK/KPqdQhxbPa994hnzjcE2VqQpDslf55723cKPUOGSmMY3g==",
          "requires": {
            "ms": "2.0.0"
          }
        },
        "extsprintf": {
          "version": "1.4.0",
          "resolved": "https://registry.npmjs.org/extsprintf/-/extsprintf-1.4.0.tgz",
          "integrity": "sha1-4mifjzVvrWLMplo6kcXfX5VRaS8="
        },
        "ms": {
          "version": "2.0.0",
          "resolved": "https://registry.npmjs.org/ms/-/ms-2.0.0.tgz",
          "integrity": "sha1-VgiurfwAvmwpAd9fmGF4jeDVl8g="
        },
        "verror": {
          "version": "1.10.0",
          "resolved": "https://registry.npmjs.org/verror/-/verror-1.10.0.tgz",
          "integrity": "sha1-OhBcoXBTr1XW4nDB+CiGguGNpAA=",
          "requires": {
            "assert-plus": "^1.0.0",
            "core-util-is": "1.0.2",
            "extsprintf": "^1.2.0"
          }
        }
      }
    },
    "antlr4": {
      "version": "4.9.3",
      "resolved": "https://registry.npmjs.org/antlr4/-/antlr4-4.9.3.tgz",
      "integrity": "sha512-qNy2odgsa0skmNMCuxzXhM4M8J1YDaPv3TI+vCdnOAanu0N982wBrSqziDKRDctEZLZy9VffqIZXc0UGjjSP/g=="
    },
    "axios": {
      "version": "0.19.2",
      "resolved": "https://registry.npmjs.org/axios/-/axios-0.19.2.tgz",
      "integrity": "sha512-fjgm5MvRHLhx+osE2xoekY70AhARk3a6hkN+3Io1jc00jtquGvxYlKlsFUhmUET0V5te6CcZI7lcv2Ym61mjHA==",
      "requires": {
        "follow-redirects": "1.5.10"
      }
    },
    "big.js": {
      "version": "6.2.1",
      "resolved": "https://registry.npmjs.org/big.js/-/big.js-6.2.1.tgz",
      "integrity": "sha512-bCtHMwL9LeDIozFn+oNhhFoq+yQ3BNdnsLSASUxLciOb1vgvpHsIO1dsENiGMgbb4SkP5TrzWzRiLddn8ahVOQ=="
    },
    "follow-redirects": {
      "version": "1.5.10",
      "resolved": "https://registry.npmjs.org/follow-redirects/-/follow-redirects-1.5.10.tgz",
      "integrity": "sha512-0V5l4Cizzvqt5D44aTXbFZz+FtyXV1vrDN6qrelxtfYQKW0KO0W2T/hkE8xvGa/540LkZlkaUjO4ailYTFtHVQ==",
      "requires": {
        "debug": "=3.1.0"
      },
      "dependencies": {
        "debug": {
          "version": "3.1.0",
          "resolved": "https://registry.npmjs.org/debug/-/debug-3.1.0.tgz",
          "integrity": "sha512-OX8XqP7/1a9cqkxYw2yXss15f26NKWBpDXQd0/uK/KPqdQhxbPa994hnzjcE2VqQpDslf55723cKPUOGSmMY3g==",
          "requires": {
            "ms": "2.0.0"
          }
        }
      }
    },
    "generic-pool": {
      "version": "3.9.0",
      "resolved": "https://registry.npmjs.org/generic-pool/-/generic-pool-3.9.0.tgz",
      "integrity": "sha512-hymDOu5B53XvN4QT9dBmZxPX4CWhBPPLguTZ9MMFeFa/Kg0xWVfylOVNlJji/E7yTZWFd/q9GO5TxDLq156D7g=="
    },
    "ms": {
      "version": "2.0.0",
      "resolved": "https://registry.npmjs.org/ms/-/ms-2.0.0.tgz",
      "integrity": "sha1-VgiurfwAvmwpAd9fmGF4jeDVl8g="
    },
    "sap-cf-axios": {
      "version": "0.2.3",
      "resolved": "https://registry.npmjs.org/sap-cf-axios/-/sap-cf-axios-0.2.3.tgz",
      "integrity": "sha512-ASAfFvbr9p800JwwQxYiKrq6fDqRBR7JfFkPEDWg0K7+5cjLkfDxe1NZkmIms6a+r3S/7DzSX+5r8ymQp6MQkg==",
      "requires": {
        "@sap/xsenv": "^2.1.0",
        "axios": "^0.19.1",
        "sap-cf-destconn": "0.0.6"
      }
    },
    "sap-cf-destconn": {
      "version": "0.0.6",
      "resolved": "https://registry.npmjs.org/sap-cf-destconn/-/sap-cf-destconn-0.0.6.tgz",
      "integrity": "sha512-Z3SoQke9s9I20PUHFdawhgOgBbTiWgfmXdAzDODb+47MV6O80vgBe+yCtZ1EVFucKgt3qBjOqIpBFxfamudPrw==",
      "requires": {
        "@sap/xsenv": "^2.1.0",
        "axios": "^0.19.0"
      }
    },
    "xmlbuilder": {
      "version": "15.1.1",
      "resolved": "https://registry.npmjs.org/xmlbuilder/-/xmlbuilder-15.1.1.tgz",
      "integrity": "sha512-yMqGBqtXyeN1e3TGYvgNgDVZ3j84W4cwkOXQswghol6APgZWaff9lnbvN7MHYJOiXsvGPXtjTYJEiC9J2wv9Eg=="
    },
    "yaml": {
      "version": "2.2.0",
      "resolved": "https://registry.npmjs.org/yaml/-/yaml-2.2.0.tgz",
      "integrity": "sha512-auf7Gi6QwO7HW//GA9seGvTXVGWl1CM/ADWh1+RxtXr6XOxnT65ovDl9fTi4e0monEyJxCHqDpF6QnFDXmJE4g=="
    }
  }
}
